{
  "name": "context-bridge-workspace",
  "version": "0.1.0",
  "lockfileVersion": 3,
  "requires": true,
  "packages": {
    "": {
      "name": "context-bridge-workspace",
      "version": "0.1.0",
      "license": "MIT",
      "workspaces": [
        "packages/core",
        "packages/cli",
        "packages/vscode"
      ],
      "engines": {
        "node": ">=20"
      }
    },
    "node_modules/@context-bridge/core": {
      "resolved": "packages/core",
      "link": true
    },
    "node_modules/@types/vscode": {
      "version": "1.120.0",
      "resolved": "https://registry.npmjs.org/@types/vscode/-/vscode-1.120.0.tgz",
      "integrity": "sha512-feaT4Rst+FkTch5zz/ZbNCxoIvo55YU80Be2kiL7OJcod4+CUYf2lUBPdIJzozNnSEMq1VRTGrWEcCGFB3fBmA==",
      "dev": true,
      "license": "MIT"
    },
    "node_modules/context-bridge": {
      "resolved": "packages/cli",
      "link": true
    },
    "node_modules/context-bridge-vscode": {
      "resolved": "packages/vscode",
      "link": true
    },
    "packages/cli": {
      "name": "context-bridge",
      "version": "0.1.0",
      "license": "MIT",
      "dependencies": {
        "@context-bridge/core": "0.1.0"
      },
      "bin": {
        "context-bridge": "bin/context-bridge.js"
      },
      "engines": {
        "node": ">=20"
      }
    },
    "packages/core": {
      "name": "@context-bridge/core",
      "version": "0.1.0",
      "license": "MIT",
      "engines": {
        "node": ">=20"
      }
    },
    "packages/vscode": {
      "name": "context-bridge-vscode",
      "version": "0.1.0",
      "license": "MIT",
      "dependencies": {
        "@context-bridge/core": "0.1.0"
      },
      "devDependencies": {
        "@types/vscode": "^1.95.0"
      },
      "engines": {
        "vscode": "^1.95.0"
      }
    }
  }
}
